
Microsoft Visual Studio Solution File, Format Version 12.00
# Visual Studio Version 17
VisualStudioVersion = 17.11.35327.3
MinimumVisualStudioVersion = 10.0.40219.1
Project("{9A19103F-16F7-4668-BE54-9A1E7A4F7556}") = "Ucenje", "Ucenje\Ucenje.csproj", "{A0DB54EF-36E5-402F-83D8-D08D9045CD88}"
EndProject
Project("{9A19103F-16F7-4668-BE54-9A1E7A4F7556}") = "WebAPI", "WebAPI\WebAPI.csproj", "{2BF216EF-ED0C-4A23-A724-45591AA8441E}"
EndProject
Project("{2150E333-8FDC-42A3-9474-1A3956D46DE8}") = "Solution Items", "Solution Items", "{79B991C6-5B4D-4C48-88EC-05FB980923FD}"
	ProjectSection(SolutionItems) = preProject
		.editorconfig = .editorconfig
	EndProjectSection
EndProject
Project("{9A19103F-16F7-4668-BE54-9A1E7A4F7556}") = "EdunovaAPP", "EdunovaAPP\EdunovaAPP.csproj", "{736EA016-309F-4212-B3EF-04696A420C79}"
EndProject
Project("{FAE04EC0-301F-11D3-BF4B-00C04F79EFBC}") = "MarvelAplikacija", "MarvelAplikacija\MarvelAplikacija.csproj", "{14E68ADA-BEBD-44AB-9A43-06F436C1E4A4}"
EndProject
Global
	GlobalSection(SolutionConfigurationPlatforms) = preSolution
		Debug|Any CPU = Debug|Any CPU
		Release|Any CPU = Release|Any CPU
	EndGlobalSection
	GlobalSection(ProjectConfigurationPlatforms) = postSolution
		{A0DB54EF-36E5-402F-83D8-D08D9045CD88}.Debug|Any CPU.ActiveCfg = Debug|Any CPU
		{A0DB54EF-36E5-402F-83D8-D08D9045CD88}.Debug|Any CPU.Build.0 = Debug|Any CPU
		{A0DB54EF-36E5-402F-83D8-D08D9045CD88}.Release|Any CPU.ActiveCfg = Release|Any CPU
		{A0DB54EF-36E5-402F-83D8-D08D9045CD88}.Release|Any CPU.Build.0 = Release|Any CPU
		{2BF216EF-ED0C-4A23-A724-45591AA8441E}.Debug|Any CPU.ActiveCfg = Debug|Any CPU
		{2BF216EF-ED0C-4A23-A724-45591AA8441E}.Debug|Any CPU.Build.0 = Debug|Any CPU
		{2BF216EF-ED0C-4A23-A724-45591AA8441E}.Release|Any CPU.ActiveCfg = Release|Any CPU
		{2BF216EF-ED0C-4A23-A724-45591AA8441E}.Release|Any CPU.Build.0 = Release|Any CPU
		{736EA016-309F-4212-B3EF-04696A420C79}.Debug|Any CPU.ActiveCfg = Debug|Any CPU
		{736EA016-309F-4212-B3EF-04696A420C79}.Debug|Any CPU.Build.0 = Debug|Any CPU
		{736EA016-309F-4212-B3EF-04696A420C79}.Release|Any CPU.ActiveCfg = Release|Any CPU
		{736EA016-309F-4212-B3EF-04696A420C79}.Release|Any CPU.Build.0 = Release|Any CPU
		{14E68ADA-BEBD-44AB-9A43-06F436C1E4A4}.Debug|Any CPU.ActiveCfg = Debug|Any CPU
		{14E68ADA-BEBD-44AB-9A43-06F436C1E4A4}.Debug|Any CPU.Build.0 = Debug|Any CPU
		{14E68ADA-BEBD-44AB-9A43-06F436C1E4A4}.Release|Any CPU.ActiveCfg = Release|Any CPU
		{14E68ADA-BEBD-44AB-9A43-06F436C1E4A4}.Release|Any CPU.Build.0 = Release|Any CPU
	EndGlobalSection
	GlobalSection(SolutionProperties) = preSolution
		HideSolutionNode = FALSE
	EndGlobalSection
	GlobalSection(ExtensibilityGlobals) = postSolution
		SolutionGuid = {103EA1F0-5537-48D3-8E83-866402AA17C7}
	EndGlobalSection
EndGlobal
