
Microsoft Visual Studio Solution File, Format Version 12.00
# Visual Studio Version 17
VisualStudioVersion = 17.11.35327.3
MinimumVisualStudioVersion = 10.0.40219.1
Project("{FAE04EC0-301F-11D3-BF4B-00C04F79EFBC}") = "Ucenje", "Ucenje\Ucenje.csproj", "{01363D71-C12C-4B9C-9E7C-A68C80A558DD}"
EndProject
Global
	GlobalSection(SolutionConfigurationPlatforms) = preSolution
		Debug|Any CPU = Debug|Any CPU
		Release|Any CPU = Release|Any CPU
	EndGlobalSection
	GlobalSection(ProjectConfigurationPlatforms) = postSolution
		{01363D71-C12C-4B9C-9E7C-A68C80A558DD}.Debug|Any CPU.ActiveCfg = Debug|Any CPU
		{01363D71-C12C-4B9C-9E7C-A68C80A558DD}.Debug|Any CPU.Build.0 = Debug|Any CPU
		{01363D71-C12C-4B9C-9E7C-A68C80A558DD}.Release|Any CPU.ActiveCfg = Release|Any CPU
		{01363D71-C12C-4B9C-9E7C-A68C80A558DD}.Release|Any CPU.Build.0 = Release|Any CPU
	EndGlobalSection
	GlobalSection(SolutionProperties) = preSolution
		HideSolutionNode = FALSE
	EndGlobalSection
	GlobalSection(ExtensibilityGlobals) = postSolution
		SolutionGuid = {2E0F1654-9B1E-4CBD-93DE-19DC10316DC6}
	EndGlobalSection
EndGlobal
